
Microsoft Visual Studio Solution File, Format Version 12.00
Project("{FAE04EC0-301F-11D3-BF4B-00C04F79EFBC}") = "Processes", "Processes\Processes.csproj", "{FADCF9EF-7A10-4359-A911-AC468E246DE0}"
EndProject
Project("{FAE04EC0-301F-11D3-BF4B-00C04F79EFBC}") = "ChildApp", "ChildApp\ChildApp.csproj", "{B2BEC9CF-B26A-497D-B395-B850EAAFC69D}"
EndProject
Global
	GlobalSection(SolutionConfigurationPlatforms) = preSolution
		Debug|Any CPU = Debug|Any CPU
		Release|Any CPU = Release|Any CPU
	EndGlobalSection
	GlobalSection(ProjectConfigurationPlatforms) = postSolution
		{FADCF9EF-7A10-4359-A911-AC468E246DE0}.Debug|Any CPU.ActiveCfg = Debug|Any CPU
		{FADCF9EF-7A10-4359-A911-AC468E246DE0}.Debug|Any CPU.Build.0 = Debug|Any CPU
		{FADCF9EF-7A10-4359-A911-AC468E246DE0}.Release|Any CPU.ActiveCfg = Release|Any CPU
		{FADCF9EF-7A10-4359-A911-AC468E246DE0}.Release|Any CPU.Build.0 = Release|Any CPU
		{B2BEC9CF-B26A-497D-B395-B850EAAFC69D}.Debug|Any CPU.ActiveCfg = Debug|Any CPU
		{B2BEC9CF-B26A-497D-B395-B850EAAFC69D}.Debug|Any CPU.Build.0 = Debug|Any CPU
		{B2BEC9CF-B26A-497D-B395-B850EAAFC69D}.Release|Any CPU.ActiveCfg = Release|Any CPU
		{B2BEC9CF-B26A-497D-B395-B850EAAFC69D}.Release|Any CPU.Build.0 = Release|Any CPU
	EndGlobalSection
EndGlobal
